PODS:
  - agent_dart (1.0.0):
    - Flutter
  - Flutter (1.0.0)
  - flutter_web_auth (0.5.0):
    - Flutter
  - package_info_plus (0.4.5):
    - Flutter
  - secp256r1 (0.1.0):
    - Flutter
  - webview_flutter_wkwebview (0.0.1):
    - Flutter

DEPENDENCIES:
  - agent_dart (from `.symlinks/plugins/agent_dart/ios`)
  - Flutter (from `Flutter`)
  - flutter_web_auth (from `.symlinks/plugins/flutter_web_auth/ios`)
  - package_info_plus (from `.symlinks/plugins/package_info_plus/ios`)
  - secp256r1 (from `.symlinks/plugins/secp256r1/ios`)
  - webview_flutter_wkwebview (from `.symlinks/plugins/webview_flutter_wkwebview/ios`)

EXTERNAL SOURCES:
  agent_dart:
    :path: ".symlinks/plugins/agent_dart/ios"
  Flutter:
    :path: Flutter
  flutter_web_auth:
    :path: ".symlinks/plugins/flutter_web_auth/ios"
  package_info_plus:
    :path: ".symlinks/plugins/package_info_plus/ios"
  secp256r1:
    :path: ".symlinks/plugins/secp256r1/ios"
  webview_flutter_wkwebview:
    :path: ".symlinks/plugins/webview_flutter_wkwebview/ios"

SPEC CHECKSUMS:
  agent_dart: 579ef96d89c45efe36a53acaeee2ebdf646a7878
  Flutter: f04841e97a9d0b0a8025694d0796dd46242b2854
  flutter_web_auth: c25208760459cec375a3c39f6a8759165ca0fa4d
  package_info_plus: 115f4ad11e0698c8c1c5d8a689390df880f47e85
  secp256r1: c4054eb1aa9e47c266a9c2914e9c8c5dd17b8ffd
  webview_flutter_wkwebview: 2e2d318f21a5e036e2c3f26171342e95908bd60a

PODFILE CHECKSUM: cc1f88378b4bfcf93a6ce00d2c587857c6008d3b

COCOAPODS: 1.14.2
